
Microsoft Visual Studio Solution File, Format Version 12.00
# Visual Studio 14
VisualStudioVersion = 14.0.25420.1
MinimumVisualStudioVersion = 10.0.40219.1
Project("{FAE04EC0-301F-11D3-BF4B-00C04F79EFBC}") = "GymNotes", "GymNotes\GymNotes.csproj", "{1364B981-C056-4E91-B248-A28169301858}"
EndProject
Project("{FAE04EC0-301F-11D3-BF4B-00C04F79EFBC}") = "GymTest", "GymTest\GymTest.csproj", "{8EDF4429-251A-416D-BB68-93F227191BCF}"
EndProject
Project("{FAE04EC0-301F-11D3-BF4B-00C04F79EFBC}") = "UiForms", "UiForms\UiForms.csproj", "{0CBF96A3-5E86-4B96-B960-7BF97EAECF78}"
EndProject
Project("{FAE04EC0-301F-11D3-BF4B-00C04F79EFBC}") = "CodedUITest", "CodedUITest\CodedUITest.csproj", "{F21A2930-1576-41D9-86B8-AD72CFA8ACE3}"
EndProject
Global
	GlobalSection(SolutionConfigurationPlatforms) = preSolution
		Debug|Any CPU = Debug|Any CPU
		Release|Any CPU = Release|Any CPU
	EndGlobalSection
	GlobalSection(ProjectConfigurationPlatforms) = postSolution
		{1364B981-C056-4E91-B248-A28169301858}.Debug|Any CPU.ActiveCfg = Debug|Any CPU
		{1364B981-C056-4E91-B248-A28169301858}.Debug|Any CPU.Build.0 = Debug|Any CPU
		{1364B981-C056-4E91-B248-A28169301858}.Release|Any CPU.ActiveCfg = Release|Any CPU
		{1364B981-C056-4E91-B248-A28169301858}.Release|Any CPU.Build.0 = Release|Any CPU
		{8EDF4429-251A-416D-BB68-93F227191BCF}.Debug|Any CPU.ActiveCfg = Debug|Any CPU
		{8EDF4429-251A-416D-BB68-93F227191BCF}.Debug|Any CPU.Build.0 = Debug|Any CPU
		{8EDF4429-251A-416D-BB68-93F227191BCF}.Release|Any CPU.ActiveCfg = Release|Any CPU
		{8EDF4429-251A-416D-BB68-93F227191BCF}.Release|Any CPU.Build.0 = Release|Any CPU
		{0CBF96A3-5E86-4B96-B960-7BF97EAECF78}.Debug|Any CPU.ActiveCfg = Debug|Any CPU
		{0CBF96A3-5E86-4B96-B960-7BF97EAECF78}.Debug|Any CPU.Build.0 = Debug|Any CPU
		{0CBF96A3-5E86-4B96-B960-7BF97EAECF78}.Release|Any CPU.ActiveCfg = Release|Any CPU
		{0CBF96A3-5E86-4B96-B960-7BF97EAECF78}.Release|Any CPU.Build.0 = Release|Any CPU
		{F21A2930-1576-41D9-86B8-AD72CFA8ACE3}.Debug|Any CPU.ActiveCfg = Debug|Any CPU
		{F21A2930-1576-41D9-86B8-AD72CFA8ACE3}.Debug|Any CPU.Build.0 = Debug|Any CPU
		{F21A2930-1576-41D9-86B8-AD72CFA8ACE3}.Release|Any CPU.ActiveCfg = Release|Any CPU
		{F21A2930-1576-41D9-86B8-AD72CFA8ACE3}.Release|Any CPU.Build.0 = Release|Any CPU
	EndGlobalSection
	GlobalSection(SolutionProperties) = preSolution
		HideSolutionNode = FALSE
	EndGlobalSection
EndGlobal
